
Microsoft Visual Studio Solution File, Format Version 12.00
# Visual Studio Version 17
VisualStudioVersion = 17.3.32922.545
MinimumVisualStudioVersion = 10.0.40219.1
Project("{9A19103F-16F7-4668-BE54-9A1E7A4F7556}") = "YMX6K4_HFT_2022231.Client", "YMX6K4_HFT_2022231.Client\YMX6K4_HFT_2022231.Client.csproj", "{2C5ACE67-34D1-46E4-96D1-AD210295C993}"
EndProject
Project("{FAE04EC0-301F-11D3-BF4B-00C04F79EFBC}") = "YMX6K4_HFT_2022231.Models", "YMX6K4_HFT_2022231.Models\YMX6K4_HFT_2022231.Models.csproj", "{CF038228-C717-4145-83F4-89E68EE6FB0B}"
EndProject
Project("{FAE04EC0-301F-11D3-BF4B-00C04F79EFBC}") = "YMX6K4_HFT_2022231.Logic", "YMX6K4_HFT_2022231.Logic\YMX6K4_HFT_2022231.Logic.csproj", "{3FA73B28-D66B-4C9F-AA2F-92F6973F8176}"
EndProject
Project("{FAE04EC0-301F-11D3-BF4B-00C04F79EFBC}") = "YMX6K4_HFT_2022231.Repository", "YMX6K4_HFT_2022231.Repository\YMX6K4_HFT_2022231.Repository.csproj", "{05043CF6-6D54-4E0D-8187-E3E50F36BDBC}"
EndProject
Project("{FAE04EC0-301F-11D3-BF4B-00C04F79EFBC}") = "YMX6K4_HFT_2022231.Endpoint", "YMX6K4_HFT_2022231.Endpoint\YMX6K4_HFT_2022231.Endpoint.csproj", "{69661FA8-6295-4685-8021-D6711F973E21}"
EndProject
Project("{FAE04EC0-301F-11D3-BF4B-00C04F79EFBC}") = "YMX6K4_HFT_2022231.Test", "YMX6K4_HFT_2022231.Test\YMX6K4_HFT_2022231.Test.csproj", "{871A1CD2-73D6-4FE3-94A1-5219CB890BEE}"
EndProject
Global
	GlobalSection(SolutionConfigurationPlatforms) = preSolution
		Debug|Any CPU = Debug|Any CPU
		Release|Any CPU = Release|Any CPU
	EndGlobalSection
	GlobalSection(ProjectConfigurationPlatforms) = postSolution
		{2C5ACE67-34D1-46E4-96D1-AD210295C993}.Debug|Any CPU.ActiveCfg = Debug|Any CPU
		{2C5ACE67-34D1-46E4-96D1-AD210295C993}.Debug|Any CPU.Build.0 = Debug|Any CPU
		{2C5ACE67-34D1-46E4-96D1-AD210295C993}.Release|Any CPU.ActiveCfg = Release|Any CPU
		{2C5ACE67-34D1-46E4-96D1-AD210295C993}.Release|Any CPU.Build.0 = Release|Any CPU
		{CF038228-C717-4145-83F4-89E68EE6FB0B}.Debug|Any CPU.ActiveCfg = Debug|Any CPU
		{CF038228-C717-4145-83F4-89E68EE6FB0B}.Debug|Any CPU.Build.0 = Debug|Any CPU
		{CF038228-C717-4145-83F4-89E68EE6FB0B}.Release|Any CPU.ActiveCfg = Release|Any CPU
		{CF038228-C717-4145-83F4-89E68EE6FB0B}.Release|Any CPU.Build.0 = Release|Any CPU
		{3FA73B28-D66B-4C9F-AA2F-92F6973F8176}.Debug|Any CPU.ActiveCfg = Debug|Any CPU
		{3FA73B28-D66B-4C9F-AA2F-92F6973F8176}.Debug|Any CPU.Build.0 = Debug|Any CPU
		{3FA73B28-D66B-4C9F-AA2F-92F6973F8176}.Release|Any CPU.ActiveCfg = Release|Any CPU
		{3FA73B28-D66B-4C9F-AA2F-92F6973F8176}.Release|Any CPU.Build.0 = Release|Any CPU
		{05043CF6-6D54-4E0D-8187-E3E50F36BDBC}.Debug|Any CPU.ActiveCfg = Debug|Any CPU
		{05043CF6-6D54-4E0D-8187-E3E50F36BDBC}.Debug|Any CPU.Build.0 = Debug|Any CPU
		{05043CF6-6D54-4E0D-8187-E3E50F36BDBC}.Release|Any CPU.ActiveCfg = Release|Any CPU
		{05043CF6-6D54-4E0D-8187-E3E50F36BDBC}.Release|Any CPU.Build.0 = Release|Any CPU
		{69661FA8-6295-4685-8021-D6711F973E21}.Debug|Any CPU.ActiveCfg = Debug|Any CPU
		{69661FA8-6295-4685-8021-D6711F973E21}.Debug|Any CPU.Build.0 = Debug|Any CPU
		{69661FA8-6295-4685-8021-D6711F973E21}.Release|Any CPU.ActiveCfg = Release|Any CPU
		{69661FA8-6295-4685-8021-D6711F973E21}.Release|Any CPU.Build.0 = Release|Any CPU
		{871A1CD2-73D6-4FE3-94A1-5219CB890BEE}.Debug|Any CPU.ActiveCfg = Debug|Any CPU
		{871A1CD2-73D6-4FE3-94A1-5219CB890BEE}.Debug|Any CPU.Build.0 = Debug|Any CPU
		{871A1CD2-73D6-4FE3-94A1-5219CB890BEE}.Release|Any CPU.ActiveCfg = Release|Any CPU
		{871A1CD2-73D6-4FE3-94A1-5219CB890BEE}.Release|Any CPU.Build.0 = Release|Any CPU
	EndGlobalSection
	GlobalSection(SolutionProperties) = preSolution
		HideSolutionNode = FALSE
	EndGlobalSection
	GlobalSection(ExtensibilityGlobals) = postSolution
		SolutionGuid = {C4A84E33-88AC-469D-AE03-28F4251D0CE5}
	EndGlobalSection
EndGlobal
